
Microsoft Visual Studio Solution File, Format Version 12.00
# Visual Studio Version 17
VisualStudioVersion = 17.5.33516.290
MinimumVisualStudioVersion = 10.0.40219.1
Project("{9A19103F-16F7-4668-BE54-9A1E7A4F7556}") = "WebApplication3", "WebApplication3\WebApplication3.csproj", "{630B7909-1BF7-4F7C-928E-36C0C8ADF46E}"
EndProject
Project("{9A19103F-16F7-4668-BE54-9A1E7A4F7556}") = "RepoPatternUnitOfWork", "RepoPatternUnitOfWork\RepoPatternUnitOfWork.csproj", "{3A7C3000-8193-4F53-A5ED-955DE6D3D3F2}"
EndProject
Project("{FAE04EC0-301F-11D3-BF4B-00C04F79EFBC}") = "ReopPatternEF", "ReopPatternEF\ReopPatternEF.csproj", "{F128FC34-223A-4E1A-AE19-7EEB57CB6435}"
EndProject
Global
	GlobalSection(SolutionConfigurationPlatforms) = preSolution
		Debug|Any CPU = Debug|Any CPU
		Release|Any CPU = Release|Any CPU
	EndGlobalSection
	GlobalSection(ProjectConfigurationPlatforms) = postSolution
		{630B7909-1BF7-4F7C-928E-36C0C8ADF46E}.Debug|Any CPU.ActiveCfg = Debug|Any CPU
		{630B7909-1BF7-4F7C-928E-36C0C8ADF46E}.Debug|Any CPU.Build.0 = Debug|Any CPU
		{630B7909-1BF7-4F7C-928E-36C0C8ADF46E}.Release|Any CPU.ActiveCfg = Release|Any CPU
		{630B7909-1BF7-4F7C-928E-36C0C8ADF46E}.Release|Any CPU.Build.0 = Release|Any CPU
		{3A7C3000-8193-4F53-A5ED-955DE6D3D3F2}.Debug|Any CPU.ActiveCfg = Debug|Any CPU
		{3A7C3000-8193-4F53-A5ED-955DE6D3D3F2}.Debug|Any CPU.Build.0 = Debug|Any CPU
		{3A7C3000-8193-4F53-A5ED-955DE6D3D3F2}.Release|Any CPU.ActiveCfg = Release|Any CPU
		{3A7C3000-8193-4F53-A5ED-955DE6D3D3F2}.Release|Any CPU.Build.0 = Release|Any CPU
		{F128FC34-223A-4E1A-AE19-7EEB57CB6435}.Debug|Any CPU.ActiveCfg = Debug|Any CPU
		{F128FC34-223A-4E1A-AE19-7EEB57CB6435}.Debug|Any CPU.Build.0 = Debug|Any CPU
		{F128FC34-223A-4E1A-AE19-7EEB57CB6435}.Release|Any CPU.ActiveCfg = Release|Any CPU
		{F128FC34-223A-4E1A-AE19-7EEB57CB6435}.Release|Any CPU.Build.0 = Release|Any CPU
	EndGlobalSection
	GlobalSection(SolutionProperties) = preSolution
		HideSolutionNode = FALSE
	EndGlobalSection
	GlobalSection(ExtensibilityGlobals) = postSolution
		SolutionGuid = {6ABA3AF7-9730-4DC1-B5CA-DD3B0177D5DD}
	EndGlobalSection
EndGlobal
